
Microsoft Visual Studio Solution File, Format Version 12.00
# Visual Studio Version 16
VisualStudioVersion = 16.0.30804.86
MinimumVisualStudioVersion = 10.0.40219.1
Project("{FAE04EC0-301F-11D3-BF4B-00C04F79EFBC}") = "NetSpeed", "NetSpeed\NetSpeed.csproj", "{AA4D9529-704A-4A48-BEAB-5012818FAA52}"
EndProject
Project("{FAE04EC0-301F-11D3-BF4B-00C04F79EFBC}") = "NetSpeed_Test", "NetSpeed_Test\NetSpeed_Test.csproj", "{970E33A9-87EF-4143-8344-2C55F232D4FF}"
EndProject
Global
	GlobalSection(SolutionConfigurationPlatforms) = preSolution
		Debug|Any CPU = Debug|Any CPU
		Release|Any CPU = Release|Any CPU
	EndGlobalSection
	GlobalSection(ProjectConfigurationPlatforms) = postSolution
		{AA4D9529-704A-4A48-BEAB-5012818FAA52}.Debug|Any CPU.ActiveCfg = Debug|Any CPU
		{AA4D9529-704A-4A48-BEAB-5012818FAA52}.Debug|Any CPU.Build.0 = Debug|Any CPU
		{AA4D9529-704A-4A48-BEAB-5012818FAA52}.Release|Any CPU.ActiveCfg = Release|Any CPU
		{AA4D9529-704A-4A48-BEAB-5012818FAA52}.Release|Any CPU.Build.0 = Release|Any CPU
		{970E33A9-87EF-4143-8344-2C55F232D4FF}.Debug|Any CPU.ActiveCfg = Debug|Any CPU
		{970E33A9-87EF-4143-8344-2C55F232D4FF}.Debug|Any CPU.Build.0 = Debug|Any CPU
		{970E33A9-87EF-4143-8344-2C55F232D4FF}.Release|Any CPU.ActiveCfg = Release|Any CPU
		{970E33A9-87EF-4143-8344-2C55F232D4FF}.Release|Any CPU.Build.0 = Release|Any CPU
	EndGlobalSection
	GlobalSection(SolutionProperties) = preSolution
		HideSolutionNode = FALSE
	EndGlobalSection
	GlobalSection(ExtensibilityGlobals) = postSolution
		SolutionGuid = {6A236FC1-795F-423B-A44E-2DD72D98CAC4}
	EndGlobalSection
EndGlobal
